
Microsoft Visual Studio Solution File, Format Version 12.00
# Visual Studio 15
VisualStudioVersion = 15.0.26124.0
MinimumVisualStudioVersion = 15.0.26124.0
Project("{FAE04EC0-301F-11D3-BF4B-00C04F79EFBC}") = "Zenmoney", "Zenmoney\Zenmoney.csproj", "{ED230051-5F07-48B0-859A-9C9A9E400F20}"
EndProject
Project("{FAE04EC0-301F-11D3-BF4B-00C04F79EFBC}") = "Zenmoney.Tests", "Zenmoney.Tests\Zenmoney.Tests.csproj", "{CA2C90A6-2CCA-4327-A653-6DD73210BF2E}"
EndProject
Global
	GlobalSection(SolutionConfigurationPlatforms) = preSolution
		Debug|Any CPU = Debug|Any CPU
		Debug|x64 = Debug|x64
		Debug|x86 = Debug|x86
		Release|Any CPU = Release|Any CPU
		Release|x64 = Release|x64
		Release|x86 = Release|x86
	EndGlobalSection
	GlobalSection(SolutionProperties) = preSolution
		HideSolutionNode = FALSE
	EndGlobalSection
	GlobalSection(ProjectConfigurationPlatforms) = postSolution
		{ED230051-5F07-48B0-859A-9C9A9E400F20}.Debug|Any CPU.ActiveCfg = Debug|Any CPU
		{ED230051-5F07-48B0-859A-9C9A9E400F20}.Debug|Any CPU.Build.0 = Debug|Any CPU
		{ED230051-5F07-48B0-859A-9C9A9E400F20}.Debug|x64.ActiveCfg = Debug|Any CPU
		{ED230051-5F07-48B0-859A-9C9A9E400F20}.Debug|x64.Build.0 = Debug|Any CPU
		{ED230051-5F07-48B0-859A-9C9A9E400F20}.Debug|x86.ActiveCfg = Debug|Any CPU
		{ED230051-5F07-48B0-859A-9C9A9E400F20}.Debug|x86.Build.0 = Debug|Any CPU
		{ED230051-5F07-48B0-859A-9C9A9E400F20}.Release|Any CPU.ActiveCfg = Release|Any CPU
		{ED230051-5F07-48B0-859A-9C9A9E400F20}.Release|Any CPU.Build.0 = Release|Any CPU
		{ED230051-5F07-48B0-859A-9C9A9E400F20}.Release|x64.ActiveCfg = Release|Any CPU
		{ED230051-5F07-48B0-859A-9C9A9E400F20}.Release|x64.Build.0 = Release|Any CPU
		{ED230051-5F07-48B0-859A-9C9A9E400F20}.Release|x86.ActiveCfg = Release|Any CPU
		{ED230051-5F07-48B0-859A-9C9A9E400F20}.Release|x86.Build.0 = Release|Any CPU
		{CA2C90A6-2CCA-4327-A653-6DD73210BF2E}.Debug|Any CPU.ActiveCfg = Debug|Any CPU
		{CA2C90A6-2CCA-4327-A653-6DD73210BF2E}.Debug|Any CPU.Build.0 = Debug|Any CPU
		{CA2C90A6-2CCA-4327-A653-6DD73210BF2E}.Debug|x64.ActiveCfg = Debug|Any CPU
		{CA2C90A6-2CCA-4327-A653-6DD73210BF2E}.Debug|x64.Build.0 = Debug|Any CPU
		{CA2C90A6-2CCA-4327-A653-6DD73210BF2E}.Debug|x86.ActiveCfg = Debug|Any CPU
		{CA2C90A6-2CCA-4327-A653-6DD73210BF2E}.Debug|x86.Build.0 = Debug|Any CPU
		{CA2C90A6-2CCA-4327-A653-6DD73210BF2E}.Release|Any CPU.ActiveCfg = Release|Any CPU
		{CA2C90A6-2CCA-4327-A653-6DD73210BF2E}.Release|Any CPU.Build.0 = Release|Any CPU
		{CA2C90A6-2CCA-4327-A653-6DD73210BF2E}.Release|x64.ActiveCfg = Release|Any CPU
		{CA2C90A6-2CCA-4327-A653-6DD73210BF2E}.Release|x64.Build.0 = Release|Any CPU
		{CA2C90A6-2CCA-4327-A653-6DD73210BF2E}.Release|x86.ActiveCfg = Release|Any CPU
		{CA2C90A6-2CCA-4327-A653-6DD73210BF2E}.Release|x86.Build.0 = Release|Any CPU
	EndGlobalSection
EndGlobal
